# This file is automatically @generated by Cargo.
# It is not intended for manual editing.
version = 3

[[package]]
name = "blaadje"
version = "0.1.0"
dependencies = [
 "screech",
]

[[package]]
name = "libm"
version = "0.2.11"
source = "registry+https://github.com/rust-lang/crates.io-index"
checksum = "8355be11b20d696c8f18f6cc018c4e372165b1fa8126cef092399c9951984ffa"

[[package]]
name = "rustc-hash"
version = "1.1.0"
source = "registry+https://github.com/rust-lang/crates.io-index"
checksum = "08d43f7aa6b08d49f382cde6a7982047c3426db949b1424bc4b7ec9ae12c6ce2"

[[package]]
name = "screech"
version = "0.12.0"
source = "registry+https://github.com/rust-lang/crates.io-index"
checksum = "38a6cf0cea789352d1881aa4d40b0586700b33c7431940e7c4bac0c2947799b3"
dependencies = [
 "libm",
 "rustc-hash",
]
